PODS:
  - AMap3DMap (9.7.0):
    - AMapFoundation (>= 1.8.0)
  - amap_map (0.0.1):
    - AMap3DMap
    - Flutter
  - amap_map_extensions (0.0.1):
    - AMap3DMap
    - Flutter
  - AMapFoundation (1.8.2)
  - Flutter (1.0.0)
  - integration_test (0.0.1):
    - Flutter

DEPENDENCIES:
  - amap_map (from `.symlinks/plugins/amap_map/ios`)
  - amap_map_extensions (from `.symlinks/plugins/amap_map_extensions/ios`)
  - Flutter (from `Flutter`)
  - integration_test (from `.symlinks/plugins/integration_test/ios`)

SPEC REPOS:
  trunk:
    - AMap3DMap
    - AMapFoundation

EXTERNAL SOURCES:
  amap_map:
    :path: ".symlinks/plugins/amap_map/ios"
  amap_map_extensions:
    :path: ".symlinks/plugins/amap_map_extensions/ios"
  Flutter:
    :path: Flutter
  integration_test:
    :path: ".symlinks/plugins/integration_test/ios"

SPEC CHECKSUMS:
  AMap3DMap: dce25dd3e51e6b92109caa7d0c97fc6055830fb3
  amap_map: fadcdab77d3fbb12a983c1e8aa434c3ef8dd4955
  amap_map_extensions: 3a956c604062edf21eda1c7cbf68a17ae38959d4
  AMapFoundation: 9885c48fc3a78fdfb84a0299a2293e56ea3c9fec
  Flutter: f04841e97a9d0b0a8025694d0796dd46242b2854
  integration_test: 13825b8a9334a850581300559b8839134b124670

PODFILE CHECKSUM: 70d9d25280d0dd177a5f637cdb0f0b0b12c6a189

COCOAPODS: 1.14.3
